
Microsoft Visual Studio Solution File, Format Version 12.00
# Visual Studio Version 16
VisualStudioVersion = 16.0.29503.13
MinimumVisualStudioVersion = 10.0.40219.1
Project("{00D1A9C2-B5F0-4AF3-8072-F6C62B433612}") = "Database", "Database\Database.sqlproj", "{15A3F58A-C442-45D3-B6AF-E7B6A364B8DA}"
EndProject
Project("{FAE04EC0-301F-11D3-BF4B-00C04F79EFBC}") = "WebAPI", "WebAPI\WebAPI.csproj", "{F035FD29-FA7C-47DE-B0B3-8F5AE39CDC59}"
EndProject
Global
	GlobalSection(SolutionConfigurationPlatforms) = preSolution
		Debug|Any CPU = Debug|Any CPU
		Release|Any CPU = Release|Any CPU
	EndGlobalSection
	GlobalSection(ProjectConfigurationPlatforms) = postSolution
		{15A3F58A-C442-45D3-B6AF-E7B6A364B8DA}.Debug|Any CPU.ActiveCfg = Debug|Any CPU
		{15A3F58A-C442-45D3-B6AF-E7B6A364B8DA}.Debug|Any CPU.Build.0 = Debug|Any CPU
		{15A3F58A-C442-45D3-B6AF-E7B6A364B8DA}.Debug|Any CPU.Deploy.0 = Debug|Any CPU
		{15A3F58A-C442-45D3-B6AF-E7B6A364B8DA}.Release|Any CPU.ActiveCfg = Release|Any CPU
		{15A3F58A-C442-45D3-B6AF-E7B6A364B8DA}.Release|Any CPU.Build.0 = Release|Any CPU
		{15A3F58A-C442-45D3-B6AF-E7B6A364B8DA}.Release|Any CPU.Deploy.0 = Release|Any CPU
		{F035FD29-FA7C-47DE-B0B3-8F5AE39CDC59}.Debug|Any CPU.ActiveCfg = Debug|Any CPU
		{F035FD29-FA7C-47DE-B0B3-8F5AE39CDC59}.Debug|Any CPU.Build.0 = Debug|Any CPU
		{F035FD29-FA7C-47DE-B0B3-8F5AE39CDC59}.Release|Any CPU.ActiveCfg = Release|Any CPU
		{F035FD29-FA7C-47DE-B0B3-8F5AE39CDC59}.Release|Any CPU.Build.0 = Release|Any CPU
	EndGlobalSection
	GlobalSection(SolutionProperties) = preSolution
		HideSolutionNode = FALSE
	EndGlobalSection
	GlobalSection(ExtensibilityGlobals) = postSolution
		SolutionGuid = {93CD64A5-F3B1-4BE2-B2C1-BF0127220065}
	EndGlobalSection
EndGlobal
