
Microsoft Visual Studio Solution File, Format Version 12.00
# Visual Studio Version 16
VisualStudioVersion = 16.0.29509.3
MinimumVisualStudioVersion = 10.0.40219.1
Project("{00D1A9C2-B5F0-4AF3-8072-F6C62B433612}") = "Database", "Database\Database.sqlproj", "{C792415F-084F-426C-B65E-F9267C2E1580}"
EndProject
Project("{FAE04EC0-301F-11D3-BF4B-00C04F79EFBC}") = "API", "API\API.csproj", "{A25661BD-B26A-4566-AC50-B7C752494D2D}"
EndProject
Global
	GlobalSection(SolutionConfigurationPlatforms) = preSolution
		Debug|Any CPU = Debug|Any CPU
		Release|Any CPU = Release|Any CPU
	EndGlobalSection
	GlobalSection(ProjectConfigurationPlatforms) = postSolution
		{C792415F-084F-426C-B65E-F9267C2E1580}.Debug|Any CPU.ActiveCfg = Debug|Any CPU
		{C792415F-084F-426C-B65E-F9267C2E1580}.Debug|Any CPU.Build.0 = Debug|Any CPU
		{C792415F-084F-426C-B65E-F9267C2E1580}.Debug|Any CPU.Deploy.0 = Debug|Any CPU
		{C792415F-084F-426C-B65E-F9267C2E1580}.Release|Any CPU.ActiveCfg = Release|Any CPU
		{C792415F-084F-426C-B65E-F9267C2E1580}.Release|Any CPU.Build.0 = Release|Any CPU
		{C792415F-084F-426C-B65E-F9267C2E1580}.Release|Any CPU.Deploy.0 = Release|Any CPU
		{A25661BD-B26A-4566-AC50-B7C752494D2D}.Debug|Any CPU.ActiveCfg = Debug|Any CPU
		{A25661BD-B26A-4566-AC50-B7C752494D2D}.Debug|Any CPU.Build.0 = Debug|Any CPU
		{A25661BD-B26A-4566-AC50-B7C752494D2D}.Release|Any CPU.ActiveCfg = Release|Any CPU
		{A25661BD-B26A-4566-AC50-B7C752494D2D}.Release|Any CPU.Build.0 = Release|Any CPU
	EndGlobalSection
	GlobalSection(SolutionProperties) = preSolution
		HideSolutionNode = FALSE
	EndGlobalSection
	GlobalSection(ExtensibilityGlobals) = postSolution
		SolutionGuid = {A840E69B-1999-4C9F-B284-61A17A8BEFF1}
	EndGlobalSection
EndGlobal
